github.com/Darrenzzy/testgo v0.0.0-20210504022953-4661b2e52cba h1:7FOYKlvN20whAstULVPOzDKlgZSO7Wt9Bj6Mmn/j6zM=
github.com/Darrenzzy/testgo v0.0.0-20210504022953-4661b2e52cba/go.mod h1:V52us+WrHJy1JM8U+sXiW7lXMhF/ApG65KoTDnvXg70=
github.com/Darrenzzy/testgo v1.0.0 h1:iGv6iX1P0Xfd+KGblh/3NRkN7gQIM6918p5+LrgvGho=
github.com/Darrenzzy/testgo v1.0.0/go.mod h1:V52us+WrHJy1JM8U+sXiW7lXMhF/ApG65KoTDnvXg70=
